
Microsoft Visual Studio Solution File, Format Version 12.00
# Visual Studio Version 16
VisualStudioVersion = 16.0.31729.503
MinimumVisualStudioVersion = 10.0.40219.1
Project("{FAE04EC0-301F-11D3-BF4B-00C04F79EFBC}") = "LABDB2", "LABDB2\LABDB2.csproj", "{F4240D6C-9B47-44DF-89D7-CACCB34C2045}"
EndProject
Global
	GlobalSection(SolutionConfigurationPlatforms) = preSolution
		Debug|Any CPU = Debug|Any CPU
		Release|Any CPU = Release|Any CPU
	EndGlobalSection
	GlobalSection(ProjectConfigurationPlatforms) = postSolution
		{F4240D6C-9B47-44DF-89D7-CACCB34C2045}.Debug|Any CPU.ActiveCfg = Debug|Any CPU
		{F4240D6C-9B47-44DF-89D7-CACCB34C2045}.Debug|Any CPU.Build.0 = Debug|Any CPU
		{F4240D6C-9B47-44DF-89D7-CACCB34C2045}.Release|Any CPU.ActiveCfg = Release|Any CPU
		{F4240D6C-9B47-44DF-89D7-CACCB34C2045}.Release|Any CPU.Build.0 = Release|Any CPU
	EndGlobalSection
	GlobalSection(SolutionProperties) = preSolution
		HideSolutionNode = FALSE
	EndGlobalSection
	GlobalSection(ExtensibilityGlobals) = postSolution
		SolutionGuid = {10D2F75F-16F3-4650-A143-D06FF0788A38}
	EndGlobalSection
EndGlobal
